// !$*UTF8*$!
{
	archiveVersion = 1;
	classes = {
	};
	objectVersion = 50;
	objects = {

/* Begin PBXBuildFile section */
		8299774A2529C33E00ACD049 /* AppDelegate.swift in Sources */ = {isa = PBXBuildFile; fileRef = 829977492529C33E00ACD049 /* AppDelegate.swift */; };
		8299774C2529C33E00ACD049 /* SceneDelegate.swift in Sources */ = {isa = PBXBuildFile; fileRef = 8299774B2529C33E00ACD049 /* SceneDelegate.swift */; };
		8299774E2529C33E00ACD049 /* ViewController.swift in Sources */ = {isa = PBXBuildFile; fileRef = 8299774D2529C33E00ACD049 /* ViewController.swift */; };
		829977512529C33E00ACD049 /* Main.storyboard in Resources */ = {isa = PBXBuildFile; fileRef = 8299774F2529C33E00ACD049 /* Main.storyboard */; };
		829977532529C34200ACD049 /* Assets.xcassets in Resources */ = {isa = PBXBuildFile; fileRef = 829977522529C34200ACD049 /* Assets.xcassets */; };
		829977562529C34200ACD049 /* LaunchScreen.storyboard in Resources */ = {isa = PBXBuildFile; fileRef = 829977542529C34200ACD049 /* LaunchScreen.storyboard */; };
		829977612529C34200ACD049 /* HelloTests.swift in Sources */ = {isa = PBXBuildFile; fileRef = 829977602529C34200ACD049 /* HelloTests.swift */; };
		8299776C2529C34200ACD049 /* HelloUITests.swift in Sources */ = {isa = PBXBuildFile; fileRef = 8299776B2529C34200ACD049 /* HelloUITests.swift */; };
/* End PBXBuildFile section */

/* Begin PBXContainerItemProxy section */
		8299775D2529C34200ACD049 /* PBXContainerItemProxy */ = {
			isa = PBXContainerItemProxy;
			containerPortal = 8299773E2529C33E00ACD049 /* Project object */;
			proxyType = 1;
			remoteGlobalIDString = 829977452529C33E00ACD049;
			remoteInfo = Hello;
		};
		829977682529C34200ACD049 /* PBXContainerItemProxy */ = {
			isa = PBXContainerItemProxy;
			containerPortal = 8299773E2529C33E00ACD049 /* Project object */;
			proxyType = 1;
			remoteGlobalIDString = 829977452529C33E00ACD049;
			remoteInfo = Hello;
		};
/* End PBXContainerItemProxy section */

/* Begin PBXFileReference section */
		829977462529C33E00ACD049 /* Hello.app */ = {isa = PBXFileReference; explicitFileType = wrapper.application; includeInIndex = 0; path = Hello.app; sourceTree = BUILT_PRODUCTS_DIR; };
		829977492529C33E00ACD049 /* AppDelegate.swift */ = {isa = PBXFileReference; lastKnownFileType = sourcecode.swift; path = AppDelegate.swift; sourceTree = "<group>"; };
		8299774B2529C33E00ACD049 /* SceneDelegate.swift */ = {isa = PBXFileReference; lastKnownFileType = sourcecode.swift; path = SceneDelegate.swift; sourceTree = "<group>"; };
		8299774D2529C33E00ACD049 /* ViewController.swift */ = {isa = PBXFileReference; lastKnownFileType = sourcecode.swift; path = ViewController.swift; sourceTree = "<group>"; };
		829977502529C33E00ACD049 /* Base */ = {isa = PBXFileReference; lastKnownFileType = file.storyboard; name = Base; path = Base.lproj/Main.storyboard; sourceTree = "<group>"; };
		829977522529C34200ACD049 /* Assets.xcassets */ = {isa = PBXFileReference; lastKnownFileType = folder.assetcatalog; path = Assets.xcassets; sourceTree = "<group>"; };
		829977552529C34200ACD049 /* Base */ = {isa = PBXFileReference; lastKnownFileType = file.storyboard; name = Base; path = Base.lproj/LaunchScreen.storyboard; sourceTree = "<group>"; };
		829977572529C34200ACD049 /* Info.plist */ = {isa = PBXFileReference; lastKnownFileType = text.plist.xml; path = Info.plist; sourceTree = "<group>"; };
		8299775C2529C34200ACD049 /* HelloTests.xctest */ = {isa = PBXFileReference; explicitFileType = wrapper.cfbundle; includeInIndex = 0; path = HelloTests.xctest; sourceTree = BUILT_PRODUCTS_DIR; };
		829977602529C34200ACD049 /* HelloTests.swift */ = {isa = PBXFileReference; lastKnownFileType = sourcecode.swift; path = HelloTests.swift; sourceTree = "<group>"; };
		829977622529C34200ACD049 /* Info.plist */ = {isa = PBXFileReference; lastKnownFileType = text.plist.xml; path = Info.plist; sourceTree = "<group>"; };
		829977672529C34200ACD049 /* HelloUITests.xctest */ = {isa = PBXFileReference; explicitFileType = wrapper.cfbundle; includeInIndex = 0; path = HelloUITests.xctest; sourceTree = BUILT_PRODUCTS_DIR; };
		8299776B2529C34200ACD049 /* HelloUITests.swift */ = {isa = PBXFileReference; lastKnownFileType = sourcecode.swift; path = HelloUITests.swift; sourceTree = "<group>"; };
		8299776D2529C34200ACD049 /* Info.plist */ = {isa = PBXFileReference; lastKnownFileType = text.plist.xml; path = Info.plist; sourceTree = "<group>"; };
/* End PBXFileReference section */

/* Begin PBXFrameworksBuildPhase section */
		829977432529C33E00ACD049 /* Frameworks */ = {
			isa = PBXFrameworksBuildPhase;
			buildActionMask = 2147483647;
			files = (
			);
			runOnlyForDeploymentPostprocessing = 0;
		};
		829977592529C34200ACD049 /* Frameworks */ = {
			isa = PBXFrameworksBuildPhase;
			buildActionMask = 2147483647;
			files = (
			);
			runOnlyForDeploymentPostprocessing = 0;
		};
		829977642529C34200ACD049 /* Frameworks */ = {
			isa = PBXFrameworksBuildPhase;
			buildActionMask = 2147483647;
			files = (
			);
			runOnlyForDeploymentPostprocessing = 0;
		};
/* End PBXFrameworksBuildPhase section */

/* Begin PBXGroup section */
		8299773D2529C33E00ACD049 = {
			isa = PBXGroup;
			children = (
				829977482529C33E00ACD049 /* Hello */,
				8299775F2529C34200ACD049 /* HelloTests */,
				8299776A2529C34200ACD049 /* HelloUITests */,
				829977472529C33E00ACD049 /* Products */,
			);
			sourceTree = "<group>";
		};
		829977472529C33E00ACD049 /* Products */ = {
			isa = PBXGroup;
			children = (
				829977462529C33E00ACD049 /* Hello.app */,
				8299775C2529C34200ACD049 /* HelloTests.xctest */,
				829977672529C34200ACD049 /* HelloUITests.xctest */,
			);
			name = Products;
			sourceTree = "<group>";
		};
		829977482529C33E00ACD049 /* Hello */ = {
			isa = PBXGroup;
			children = (
				829977492529C33E00ACD049 /* AppDelegate.swift */,
				8299774B2529C33E00ACD049 /* SceneDelegate.swift */,
				8299774D2529C33E00ACD049 /* ViewController.swift */,
				8299774F2529C33E00ACD049 /* Main.storyboard */,
				829977522529C34200ACD049 /* Assets.xcassets */,
				829977542529C34200ACD049 /* LaunchScreen.storyboard */,
				829977572529C34200ACD049 /* Info.plist */,
			);
			path = Hello;
			sourceTree = "<group>";
		};
		8299775F2529C34200ACD049 /* HelloTests */ = {
			isa = PBXGroup;
			children = (
				829977602529C34200ACD049 /* HelloTests.swift */,
				829977622529C34200ACD049 /* Info.plist */,
			);
			path = HelloTests;
			sourceTree = "<group>";
		};
		8299776A2529C34200ACD049 /* HelloUITests */ = {
			isa = PBXGroup;
			children = (
				8299776B2529C34200ACD049 /* HelloUITests.swift */,
				8299776D2529C34200ACD049 /* Info.plist */,
			);
			path = HelloUITests;
			sourceTree = "<group>";
		};
/* End PBXGroup section */

/* Begin PBXNativeTarget section */
		829977452529C33E00ACD049 /* Hello */ = {
			isa = PBXNativeTarget;
			buildConfigurationList = 829977702529C34200ACD049 /* Build configuration list for PBXNativeTarget "Hello" */;
			buildPhases = (
				829977422529C33E00ACD049 /* Sources */,
				829977432529C33E00ACD049 /* Frameworks */,
				829977442529C33E00ACD049 /* Resources */,
			);
			buildRules = (
			);
			dependencies = (
			);
			name = Hello;
			productName = Hello;
			productReference = 829977462529C33E00ACD049 /* Hello.app */;
			productType = "com.apple.product-type.application";
		};
		8299775B2529C34200ACD049 /* HelloTests */ = {
			isa = PBXNativeTarget;
			buildConfigurationList = 829977732529C34200ACD049 /* Build configuration list for PBXNativeTarget "HelloTests" */;
			buildPhases = (
				829977582529C34200ACD049 /* Sources */,
				829977592529C34200ACD049 /* Frameworks */,
				8299775A2529C34200ACD049 /* Resources */,
			);
			buildRules = (
			);
			dependencies = (
				8299775E2529C34200ACD049 /* PBXTargetDependency */,
			);
			name = HelloTests;
			productName = HelloTests;
			productReference = 8299775C2529C34200ACD049 /* HelloTests.xctest */;
			productType = "com.apple.product-type.bundle.unit-test";
		};
		829977662529C34200ACD049 /* HelloUITests */ = {
			isa = PBXNativeTarget;
			buildConfigurationList = 829977762529C34200ACD049 /* Build configuration list for PBXNativeTarget "HelloUITests" */;
			buildPhases = (
				829977632529C34200ACD049 /* Sources */,
				829977642529C34200ACD049 /* Frameworks */,
				829977652529C34200ACD049 /* Resources */,
			);
			buildRules = (
			);
			dependencies = (
				829977692529C34200ACD049 /* PBXTargetDependency */,
			);
			name = HelloUITests;
			productName = HelloUITests;
			productReference = 829977672529C34200ACD049 /* HelloUITests.xctest */;
			productType = "com.apple.product-type.bundle.ui-testing";
		};
/* End PBXNativeTarget section */

/* Begin PBXProject section */
		8299773E2529C33E00ACD049 /* Project object */ = {
			isa = PBXProject;
			attributes = {
				LastSwiftUpdateCheck = 1200;
				LastUpgradeCheck = 1200;
				TargetAttributes = {
					829977452529C33E00ACD049 = {
						CreatedOnToolsVersion = 12.0.1;
					};
					8299775B2529C34200ACD049 = {
						CreatedOnToolsVersion = 12.0.1;
						TestTargetID = 829977452529C33E00ACD049;
					};
					829977662529C34200ACD049 = {
						CreatedOnToolsVersion = 12.0.1;
						TestTargetID = 829977452529C33E00ACD049;
					};
				};
			};
			buildConfigurationList = 829977412529C33E00ACD049 /* Build configuration list for PBXProject "Hello" */;
			compatibilityVersion = "Xcode 9.3";
			developmentRegion = en;
			hasScannedForEncodings = 0;
			knownRegions = (
				en,
				Base,
			);
			mainGroup = 8299773D2529C33E00ACD049;
			productRefGroup = 829977472529C33E00ACD049 /* Products */;
			projectDirPath = "";
			projectRoot = "";
			targets = (
				829977452529C33E00ACD049 /* Hello */,
				8299775B2529C34200ACD049 /* HelloTests */,
				829977662529C34200ACD049 /* HelloUITests */,
			);
		};
/* End PBXProject section */

/* Begin PBXResourcesBuildPhase section */
		829977442529C33E00ACD049 /* Resources */ = {
			isa = PBXResourcesBuildPhase;
			buildActionMask = 2147483647;
			files = (
				829977562529C34200ACD049 /* LaunchScreen.storyboard in Resources */,
				829977532529C34200ACD049 /* Assets.xcassets in Resources */,
				829977512529C33E00ACD049 /* Main.storyboard in Resources */,
			);
			runOnlyForDeploymentPostprocessing = 0;
		};
		8299775A2529C34200ACD049 /* Resources */ = {
			isa = PBXResourcesBuildPhase;
			buildActionMask = 2147483647;
			files = (
			);
			runOnlyForDeploymentPostprocessing = 0;
		};
		829977652529C34200ACD049 /* Resources */ = {
			isa = PBXResourcesBuildPhase;
			buildActionMask = 2147483647;
			files = (
			);
			runOnlyForDeploymentPostprocessing = 0;
		};
/* End PBXResourcesBuildPhase section */

/* Begin PBXSourcesBuildPhase section */
		829977422529C33E00ACD049 /* Sources */ = {
			isa = PBXSourcesBuildPhase;
			buildActionMask = 2147483647;
			files = (
				8299774E2529C33E00ACD049 /* ViewController.swift in Sources */,
				8299774A2529C33E00ACD049 /* AppDelegate.swift in Sources */,
				8299774C2529C33E00ACD049 /* SceneDelegate.swift in Sources */,
			);
			runOnlyForDeploymentPostprocessing = 0;
		};
		829977582529C34200ACD049 /* Sources */ = {
			isa = PBXSourcesBuildPhase;
			buildActionMask = 2147483647;
			files = (
				829977612529C34200ACD049 /* HelloTests.swift in Sources */,
			);
			runOnlyForDeploymentPostprocessing = 0;
		};
		829977632529C34200ACD049 /* Sources */ = {
			isa = PBXSourcesBuildPhase;
			buildActionMask = 2147483647;
			files = (
				8299776C2529C34200ACD049 /* HelloUITests.swift in Sources */,
			);
			runOnlyForDeploymentPostprocessing = 0;
		};
/* End PBXSourcesBuildPhase section */

/* Begin PBXTargetDependency section */
		8299775E2529C34200ACD049 /* PBXTargetDependency */ = {
			isa = PBXTargetDependency;
			target = 829977452529C33E00ACD049 /* Hello */;
			targetProxy = 8299775D2529C34200ACD049 /* PBXContainerItemProxy */;
		};
		829977692529C34200ACD049 /* PBXTargetDependency */ = {
			isa = PBXTargetDependency;
			target = 829977452529C33E00ACD049 /* Hello */;
			targetProxy = 829977682529C34200ACD049 /* PBXContainerItemProxy */;
		};
/* End PBXTargetDependency section */

/* Begin PBXVariantGroup section */
		8299774F2529C33E00ACD049 /* Main.storyboard */ = {
			isa = PBXVariantGroup;
			children = (
				829977502529C33E00ACD049 /* Base */,
			);
			name = Main.storyboard;
			sourceTree = "<group>";
		};
		829977542529C34200ACD049 /* LaunchScreen.storyboard */ = {
			isa = PBXVariantGroup;
			children = (
				829977552529C34200ACD049 /* Base */,
			);
			name = LaunchScreen.storyboard;
			sourceTree = "<group>";
		};
/* End PBXVariantGroup section */

/* Begin XCBuildConfiguration section */
		8299776E2529C34200ACD049 /* Debug */ = {
			isa = XCBuildConfiguration;
			buildSettings = {
				ALWAYS_SEARCH_USER_PATHS = NO;
				CLANG_ANALYZER_NONNULL = YES;
				CLANG_ANALYZER_NUMBER_OBJECT_CONVERSION = YES_AGGRESSIVE;
				CLANG_CXX_LANGUAGE_STANDARD = "gnu++14";
				CLANG_CXX_LIBRARY = "libc++";
				CLANG_ENABLE_MODULES = YES;
				CLANG_ENABLE_OBJC_ARC = YES;
				CLANG_ENABLE_OBJC_WEAK = YES;
				CLANG_WARN_BLOCK_CAPTURE_AUTORELEASING = YES;
				CLANG_WARN_BOOL_CONVERSION = YES;
				CLANG_WARN_COMMA = YES;
				CLANG_WARN_CONSTANT_CONVERSION = YES;
				CLANG_WARN_DEPRECATED_OBJC_IMPLEMENTATIONS = YES;
				CLANG_WARN_DIRECT_OBJC_ISA_USAGE = YES_ERROR;
				CLANG_WARN_DOCUMENTATION_COMMENTS = YES;
				CLANG_WARN_EMPTY_BODY = YES;
				CLANG_WARN_ENUM_CONVERSION = YES;
				CLANG_WARN_INFINITE_RECURSION = YES;
				CLANG_WARN_INT_CONVERSION = YES;
				CLANG_WARN_NON_LITERAL_NULL_CONVERSION = YES;
				CLANG_WARN_OBJC_IMPLICIT_RETAIN_SELF = YES;
				CLANG_WARN_OBJC_LITERAL_CONVERSION = YES;
				CLANG_WARN_OBJC_ROOT_CLASS = YES_ERROR;
				CLANG_WARN_QUOTED_INCLUDE_IN_FRAMEWORK_HEADER = YES;
				CLANG_WARN_RANGE_LOOP_ANALYSIS = YES;
				CLANG_WARN_STRICT_PROTOTYPES = YES;
				CLANG_WARN_SUSPICIOUS_MOVE = YES;
				CLANG_WARN_UNGUARDED_AVAILABILITY = YES_AGGRESSIVE;
				CLANG_WARN_UNREACHABLE_CODE = YES;
				CLANG_WARN__DUPLICATE_METHOD_MATCH = YES;
				COPY_PHASE_STRIP = NO;
				DEBUG_INFORMATION_FORMAT = dwarf;
				ENABLE_STRICT_OBJC_MSGSEND = YES;
				ENABLE_TESTABILITY = YES;
				GCC_C_LANGUAGE_STANDARD = gnu11;
				GCC_DYNAMIC_NO_PIC = NO;
				GCC_NO_COMMON_BLOCKS = YES;
				GCC_OPTIMIZATION_LEVEL = 0;
				GCC_PREPROCESSOR_DEFINITIONS = (
					"DEBUG=1",
					"$(inherited)",
				);
				GCC_WARN_64_TO_32_BIT_CONVERSION = YES;
				GCC_WARN_ABOUT_RETURN_TYPE = YES_ERROR;
				GCC_WARN_UNDECLARED_SELECTOR = YES;
				GCC_WARN_UNINITIALIZED_AUTOS = YES_AGGRESSIVE;
				GCC_WARN_UNUSED_FUNCTION = YES;
				GCC_WARN_UNUSED_VARIABLE = YES;
				IPHONEOS_DEPLOYMENT_TARGET = 14.0;
				MTL_ENABLE_DEBUG_INFO = INCLUDE_SOURCE;
				MTL_FAST_MATH = YES;
				ONLY_ACTIVE_ARCH = YES;
				SDKROOT = iphoneos;
				SWIFT_ACTIVE_COMPILATION_CONDITIONS = DEBUG;
				SWIFT_OPTIMIZATION_LEVEL = "-Onone";
			};
			name = Debug;
		};
		8299776F2529C34200ACD049 /* Release */ = {
			isa = XCBuildConfiguration;
			buildSettings = {
				ALWAYS_SEARCH_USER_PATHS = NO;
				CLANG_ANALYZER_NONNULL = YES;
				CLANG_ANALYZER_NUMBER_OBJECT_CONVERSION = YES_AGGRESSIVE;
				CLANG_CXX_LANGUAGE_STANDARD = "gnu++14";
				CLANG_CXX_LIBRARY = "libc++";
				CLANG_ENABLE_MODULES = YES;
				CLANG_ENABLE_OBJC_ARC = YES;
				CLANG_ENABLE_OBJC_WEAK = YES;
				CLANG_WARN_BLOCK_CAPTURE_AUTORELEASING = YES;
				CLANG_WARN_BOOL_CONVERSION = YES;
				CLANG_WARN_COMMA = YES;
				CLANG_WARN_CONSTANT_CONVERSION = YES;
				CLANG_WARN_DEPRECATED_OBJC_IMPLEMENTATIONS = YES;
				CLANG_WARN_DIRECT_OBJC_ISA_USAGE = YES_ERROR;
				CLANG_WARN_DOCUMENTATION_COMMENTS = YES;
				CLANG_WARN_EMPTY_BODY = YES;
				CLANG_WARN_ENUM_CONVERSION = YES;
				CLANG_WARN_INFINITE_RECURSION = YES;
				CLANG_WARN_INT_CONVERSION = YES;
				CLANG_WARN_NON_LITERAL_NULL_CONVERSION = YES;
				CLANG_WARN_OBJC_IMPLICIT_RETAIN_SELF = YES;
				CLANG_WARN_OBJC_LITERAL_CONVERSION = YES;
				CLANG_WARN_OBJC_ROOT_CLASS = YES_ERROR;
				CLANG_WARN_QUOTED_INCLUDE_IN_FRAMEWORK_HEADER = YES;
				CLANG_WARN_RANGE_LOOP_ANALYSIS = YES;
				CLANG_WARN_STRICT_PROTOTYPES = YES;
				CLANG_WARN_SUSPICIOUS_MOVE = YES;
				CLANG_WARN_UNGUARDED_AVAILABILITY = YES_AGGRESSIVE;
				CLANG_WARN_UNREACHABLE_CODE = YES;
				CLANG_WARN__DUPLICATE_METHOD_MATCH = YES;
				COPY_PHASE_STRIP = NO;
				DEBUG_INFORMATION_FORMAT = "dwarf-with-dsym";
				ENABLE_NS_ASSERTIONS = NO;
				ENABLE_STRICT_OBJC_MSGSEND = YES;
				GCC_C_LANGUAGE_STANDARD = gnu11;
				GCC_NO_COMMON_BLOCKS = YES;
				GCC_WARN_64_TO_32_BIT_CONVERSION = YES;
				GCC_WARN_ABOUT_RETURN_TYPE = YES_ERROR;
				GCC_WARN_UNDECLARED_SELECTOR = YES;
				GCC_WARN_UNINITIALIZED_AUTOS = YES_AGGRESSIVE;
				GCC_WARN_UNUSED_FUNCTION = YES;
				GCC_WARN_UNUSED_VARIABLE = YES;
				IPHONEOS_DEPLOYMENT_TARGET = 14.0;
				MTL_ENABLE_DEBUG_INFO = NO;
				MTL_FAST_MATH = YES;
				SDKROOT = iphoneos;
				SWIFT_COMPILATION_MODE = wholemodule;
				SWIFT_OPTIMIZATION_LEVEL = "-O";
				VALIDATE_PRODUCT = YES;
			};
			name = Release;
		};
		829977712529C34200ACD049 /* Debug */ = {
			isa = XCBuildConfiguration;
			buildSettings = {
				ASSETCATALOG_COMPILER_APPICON_NAME = AppIcon;
				ASSETCATALOG_COMPILER_GLOBAL_ACCENT_COLOR_NAME = AccentColor;
				CODE_SIGN_STYLE = Automatic;
				INFOPLIST_FILE = Hello/Info.plist;
				LD_RUNPATH_SEARCH_PATHS = (
					"$(inherited)",
					"@executable_path/Frameworks",
				);
				PRODUCT_BUNDLE_IDENTIFIER = chaeyeon.Hello;
				PRODUCT_NAME = "$(TARGET_NAME)";
				SWIFT_VERSION = 5.0;
				TARGETED_DEVICE_FAMILY = "1,2";
			};
			name = Debug;
		};
		829977722529C34200ACD049 /* Release */ = {
			isa = XCBuildConfiguration;
			buildSettings = {
				ASSETCATALOG_COMPILER_APPICON_NAME = AppIcon;
				ASSETCATALOG_COMPILER_GLOBAL_ACCENT_COLOR_NAME = AccentColor;
				CODE_SIGN_STYLE = Automatic;
				INFOPLIST_FILE = Hello/Info.plist;
				LD_RUNPATH_SEARCH_PATHS = (
					"$(inherited)",
					"@executable_path/Frameworks",
				);
				PRODUCT_BUNDLE_IDENTIFIER = chaeyeon.Hello;
				PRODUCT_NAME = "$(TARGET_NAME)";
				SWIFT_VERSION = 5.0;
				TARGETED_DEVICE_FAMILY = "1,2";
			};
			name = Release;
		};
		829977742529C34200ACD049 /* Debug */ = {
			isa = XCBuildConfiguration;
			buildSettings = {
				ALWAYS_EMBED_SWIFT_STANDARD_LIBRARIES = YES;
				BUNDLE_LOADER = "$(TEST_HOST)";
				CODE_SIGN_STYLE = Automatic;
				INFOPLIST_FILE = HelloTests/Info.plist;
				IPHONEOS_DEPLOYMENT_TARGET = 14.0;
				LD_RUNPATH_SEARCH_PATHS = (
					"$(inherited)",
					"@executable_path/Frameworks",
					"@loader_path/Frameworks",
				);
				PRODUCT_BUNDLE_IDENTIFIER = chaeyeon.HelloTests;
				PRODUCT_NAME = "$(TARGET_NAME)";
				SWIFT_VERSION = 5.0;
				TARGETED_DEVICE_FAMILY = "1,2";
				TEST_HOST = "$(BUILT_PRODUCTS_DIR)/Hello.app/Hello";
			};
			name = Debug;
		};
		829977752529C34200ACD049 /* Release */ = {
			isa = XCBuildConfiguration;
			buildSettings = {
				ALWAYS_EMBED_SWIFT_STANDARD_LIBRARIES = YES;
				BUNDLE_LOADER = "$(TEST_HOST)";
				CODE_SIGN_STYLE = Automatic;
				INFOPLIST_FILE = HelloTests/Info.plist;
				IPHONEOS_DEPLOYMENT_TARGET = 14.0;
				LD_RUNPATH_SEARCH_PATHS = (
					"$(inherited)",
					"@executable_path/Frameworks",
					"@loader_path/Frameworks",
				);
				PRODUCT_BUNDLE_IDENTIFIER = chaeyeon.HelloTests;
				PRODUCT_NAME = "$(TARGET_NAME)";
				SWIFT_VERSION = 5.0;
				TARGETED_DEVICE_FAMILY = "1,2";
				TEST_HOST = "$(BUILT_PRODUCTS_DIR)/Hello.app/Hello";
			};
			name = Release;
		};
		829977772529C34200ACD049 /* Debug */ = {
			isa = XCBuildConfiguration;
			buildSettings = {
				ALWAYS_EMBED_SWIFT_STANDARD_LIBRARIES = YES;
				CODE_SIGN_STYLE = Automatic;
				INFOPLIST_FILE = HelloUITests/Info.plist;
				LD_RUNPATH_SEARCH_PATHS = (
					"$(inherited)",
					"@executable_path/Frameworks",
					"@loader_path/Frameworks",
				);
				PRODUCT_BUNDLE_IDENTIFIER = chaeyeon.HelloUITests;
				PRODUCT_NAME = "$(TARGET_NAME)";
				SWIFT_VERSION = 5.0;
				TARGETED_DEVICE_FAMILY = "1,2";
				TEST_TARGET_NAME = Hello;
			};
			name = Debug;
		};
		829977782529C34200ACD049 /* Release */ = {
			isa = XCBuildConfiguration;
			buildSettings = {
				ALWAYS_EMBED_SWIFT_STANDARD_LIBRARIES = YES;
				CODE_SIGN_STYLE = Automatic;
				INFOPLIST_FILE = HelloUITests/Info.plist;
				LD_RUNPATH_SEARCH_PATHS = (
					"$(inherited)",
					"@executable_path/Frameworks",
					"@loader_path/Frameworks",
				);
				PRODUCT_BUNDLE_IDENTIFIER = chaeyeon.HelloUITests;
				PRODUCT_NAME = "$(TARGET_NAME)";
				SWIFT_VERSION = 5.0;
				TARGETED_DEVICE_FAMILY = "1,2";
				TEST_TARGET_NAME = Hello;
			};
			name = Release;
		};
/* End XCBuildConfiguration section */

/* Begin XCConfigurationList section */
		829977412529C33E00ACD049 /* Build configuration list for PBXProject "Hello" */ = {
			isa = XCConfigurationList;
			buildConfigurations = (
				8299776E2529C34200ACD049 /* Debug */,
				8299776F2529C34200ACD049 /* Release */,
			);
			defaultConfigurationIsVisible = 0;
			defaultConfigurationName = Release;
		};
		829977702529C34200ACD049 /* Build configuration list for PBXNativeTarget "Hello" */ = {
			isa = XCConfigurationList;
			buildConfigurations = (
				829977712529C34200ACD049 /* Debug */,
				829977722529C34200ACD049 /* Release */,
			);
			defaultConfigurationIsVisible = 0;
			defaultConfigurationName = Release;
		};
		829977732529C34200ACD049 /* Build configuration list for PBXNativeTarget "HelloTests" */ = {
			isa = XCConfigurationList;
			buildConfigurations = (
				829977742529C34200ACD049 /* Debug */,
				829977752529C34200ACD049 /* Release */,
			);
			defaultConfigurationIsVisible = 0;
			defaultConfigurationName = Release;
		};
		829977762529C34200ACD049 /* Build configuration list for PBXNativeTarget "HelloUITests" */ = {
			isa = XCConfigurationList;
			buildConfigurations = (
				829977772529C34200ACD049 /* Debug */,
				829977782529C34200ACD049 /* Release */,
			);
			defaultConfigurationIsVisible = 0;
			defaultConfigurationName = Release;
		};
/* End XCConfigurationList section */
	};
	rootObject = 8299773E2529C33E00ACD049 /* Project object */;
}
